
Microsoft Visual Studio Solution File, Format Version 12.00
# Visual Studio 14
VisualStudioVersion = 14.0.23107.0
MinimumVisualStudioVersion = 10.0.40219.1
Project("{FAE04EC0-301F-11D3-BF4B-00C04F79EFBC}") = "SharpTTS.UI", "SharpTTS.UI\SharpTTS.UI.csproj", "{2DF23CE5-B77E-4C6A-B659-46A251A626E4}"
EndProject
Project("{FAE04EC0-301F-11D3-BF4B-00C04F79EFBC}") = "SharpTTS", "SharpTTS\SharpTTS.csproj", "{3F59F027-3DB5-4ADF-8F1E-3C6C604B6F83}"
EndProject
Project("{FAE04EC0-301F-11D3-BF4B-00C04F79EFBC}") = "SharpTTS.Test", "SharpTTS.Test\SharpTTS.Test.csproj", "{2CF25F7D-F0B3-41BF-A8E5-39BE48E7B83C}"
EndProject
Global
	GlobalSection(SolutionConfigurationPlatforms) = preSolution
		Debug|Any CPU = Debug|Any CPU
		Release|Any CPU = Release|Any CPU
	EndGlobalSection
	GlobalSection(ProjectConfigurationPlatforms) = postSolution
		{2DF23CE5-B77E-4C6A-B659-46A251A626E4}.Debug|Any CPU.ActiveCfg = Debug|Any CPU
		{2DF23CE5-B77E-4C6A-B659-46A251A626E4}.Debug|Any CPU.Build.0 = Debug|Any CPU
		{2DF23CE5-B77E-4C6A-B659-46A251A626E4}.Release|Any CPU.ActiveCfg = Release|Any CPU
		{2DF23CE5-B77E-4C6A-B659-46A251A626E4}.Release|Any CPU.Build.0 = Release|Any CPU
		{3F59F027-3DB5-4ADF-8F1E-3C6C604B6F83}.Debug|Any CPU.ActiveCfg = Debug|Any CPU
		{3F59F027-3DB5-4ADF-8F1E-3C6C604B6F83}.Debug|Any CPU.Build.0 = Debug|Any CPU
		{3F59F027-3DB5-4ADF-8F1E-3C6C604B6F83}.Release|Any CPU.ActiveCfg = Release|Any CPU
		{3F59F027-3DB5-4ADF-8F1E-3C6C604B6F83}.Release|Any CPU.Build.0 = Release|Any CPU
		{2CF25F7D-F0B3-41BF-A8E5-39BE48E7B83C}.Debug|Any CPU.ActiveCfg = Debug|Any CPU
		{2CF25F7D-F0B3-41BF-A8E5-39BE48E7B83C}.Debug|Any CPU.Build.0 = Debug|Any CPU
		{2CF25F7D-F0B3-41BF-A8E5-39BE48E7B83C}.Release|Any CPU.ActiveCfg = Release|Any CPU
		{2CF25F7D-F0B3-41BF-A8E5-39BE48E7B83C}.Release|Any CPU.Build.0 = Release|Any CPU
	EndGlobalSection
	GlobalSection(SolutionProperties) = preSolution
		HideSolutionNode = FALSE
	EndGlobalSection
EndGlobal
